
Microsoft Visual Studio Solution File, Format Version 12.00
Project("{FAE04EC0-301F-11D3-BF4B-00C04F79EFBC}") = "PersonalSite", "PersonalSite\PersonalSite.csproj", "{8A5D4273-FFBB-4DE6-8E3F-1C05BCDFB1EE}"
EndProject
Global
	GlobalSection(SolutionConfigurationPlatforms) = preSolution
		Debug|Any CPU = Debug|Any CPU
		Release|Any CPU = Release|Any CPU
	EndGlobalSection
	GlobalSection(ProjectConfigurationPlatforms) = postSolution
		{8A5D4273-FFBB-4DE6-8E3F-1C05BCDFB1EE}.Debug|Any CPU.ActiveCfg = Debug|Any CPU
		{8A5D4273-FFBB-4DE6-8E3F-1C05BCDFB1EE}.Debug|Any CPU.Build.0 = Debug|Any CPU
		{8A5D4273-FFBB-4DE6-8E3F-1C05BCDFB1EE}.Release|Any CPU.ActiveCfg = Release|Any CPU
		{8A5D4273-FFBB-4DE6-8E3F-1C05BCDFB1EE}.Release|Any CPU.Build.0 = Release|Any CPU
	EndGlobalSection
EndGlobal
